
Microsoft Visual Studio Solution File, Format Version 12.00
Project("{FAE04EC0-301F-11D3-BF4B-00C04F79EFBC}") = "RazorEngineCore.Extensions", "RazorEngineCore.Extensions\RazorEngineCore.Extensions.csproj", "{795CA169-2033-43C3-B95C-370F1B89ECD0}"
EndProject
Project("{2150E333-8FDC-42A3-9474-1A3956D46DE8}") = "Samples", "Samples", "{C9C2EA63-BE58-4E8E-892D-7A997AD9623B}"
EndProject
Project("{FAE04EC0-301F-11D3-BF4B-00C04F79EFBC}") = "SampleApp", "SampleApp\SampleApp.csproj", "{268605FA-97F7-40BF-BBC6-C950F29CFE5E}"
EndProject
Project("{FAE04EC0-301F-11D3-BF4B-00C04F79EFBC}") = "RazorEngineCore", ".submodules\RazorEngineCore\RazorEngineCore\RazorEngineCore.csproj", "{A56C8F71-727A-4515-BE5B-753C72AACFAB}"
EndProject
Global
	GlobalSection(SolutionConfigurationPlatforms) = preSolution
		Debug|Any CPU = Debug|Any CPU
		Release|Any CPU = Release|Any CPU
	EndGlobalSection
	GlobalSection(ProjectConfigurationPlatforms) = postSolution
		{795CA169-2033-43C3-B95C-370F1B89ECD0}.Debug|Any CPU.ActiveCfg = Debug|Any CPU
		{795CA169-2033-43C3-B95C-370F1B89ECD0}.Debug|Any CPU.Build.0 = Debug|Any CPU
		{795CA169-2033-43C3-B95C-370F1B89ECD0}.Release|Any CPU.ActiveCfg = Release|Any CPU
		{795CA169-2033-43C3-B95C-370F1B89ECD0}.Release|Any CPU.Build.0 = Release|Any CPU
		{268605FA-97F7-40BF-BBC6-C950F29CFE5E}.Debug|Any CPU.ActiveCfg = Debug|Any CPU
		{268605FA-97F7-40BF-BBC6-C950F29CFE5E}.Debug|Any CPU.Build.0 = Debug|Any CPU
		{268605FA-97F7-40BF-BBC6-C950F29CFE5E}.Release|Any CPU.ActiveCfg = Release|Any CPU
		{268605FA-97F7-40BF-BBC6-C950F29CFE5E}.Release|Any CPU.Build.0 = Release|Any CPU
		{A56C8F71-727A-4515-BE5B-753C72AACFAB}.Debug|Any CPU.ActiveCfg = Debug|Any CPU
		{A56C8F71-727A-4515-BE5B-753C72AACFAB}.Debug|Any CPU.Build.0 = Debug|Any CPU
		{A56C8F71-727A-4515-BE5B-753C72AACFAB}.Release|Any CPU.ActiveCfg = Release|Any CPU
		{A56C8F71-727A-4515-BE5B-753C72AACFAB}.Release|Any CPU.Build.0 = Release|Any CPU
	EndGlobalSection
	GlobalSection(NestedProjects) = preSolution
		{268605FA-97F7-40BF-BBC6-C950F29CFE5E} = {C9C2EA63-BE58-4E8E-892D-7A997AD9623B}
	EndGlobalSection
EndGlobal
