
Microsoft Visual Studio Solution File, Format Version 12.00
Project("{FAE04EC0-301F-11D3-BF4B-00C04F79EFBC}") = "RazorEngineCore.Extensions", "RazorEngineCore.Extensions\RazorEngineCore.Extensions.csproj", "{795CA169-2033-43C3-B95C-370F1B89ECD0}"
EndProject
Project("{2150E333-8FDC-42A3-9474-1A3956D46DE8}") = "Samples", "Samples", "{C9C2EA63-BE58-4E8E-892D-7A997AD9623B}"
EndProject
Project("{FAE04EC0-301F-11D3-BF4B-00C04F79EFBC}") = "SampleApp", "SampleApp\SampleApp.csproj", "{268605FA-97F7-40BF-BBC6-C950F29CFE5E}"
EndProject
Project("{FAE04EC0-301F-11D3-BF4B-00C04F79EFBC}") = "RazorEngineCore", ".submodules\RazorEngineCore\RazorEngineCore\RazorEngineCore.csproj", "{A56C8F71-727A-4515-BE5B-753C72AACFAB}"
EndProject
Project("{2150E333-8FDC-42A3-9474-1A3956D46DE8}") = "Workspace", "Workspace", "{9ADB9028-3561-4116-8CF1-6562CACC7AE0}"
EndProject
Project("{FAE04EC0-301F-11D3-BF4B-00C04F79EFBC}") = "SampleWebApp", "SampleWebApp\SampleWebApp.csproj", "{B3D02A51-4B1A-403E-9491-359D38DDA713}"
EndProject
Project("{2150E333-8FDC-42A3-9474-1A3956D46DE8}") = "Tests", "Tests", "{DF0331C9-6FDA-489D-957C-249B02414191}"
EndProject
Project("{FAE04EC0-301F-11D3-BF4B-00C04F79EFBC}") = "UnitTests", "UnitTests\UnitTests.csproj", "{56626669-12D9-4AC2-B1F4-7A44AB4B0897}"
EndProject
Project("{FAE04EC0-301F-11D3-BF4B-00C04F79EFBC}") = "GreetingTasks", "GreetingTasks\GreetingTasks.csproj", "{E2359BAE-2213-47DA-93D8-097CAB38DBCA}"
EndProject
Global
	GlobalSection(SolutionConfigurationPlatforms) = preSolution
		Debug|Any CPU = Debug|Any CPU
		Release|Any CPU = Release|Any CPU
	EndGlobalSection
	GlobalSection(ProjectConfigurationPlatforms) = postSolution
		{795CA169-2033-43C3-B95C-370F1B89ECD0}.Debug|Any CPU.ActiveCfg = Debug|Any CPU
		{795CA169-2033-43C3-B95C-370F1B89ECD0}.Debug|Any CPU.Build.0 = Debug|Any CPU
		{795CA169-2033-43C3-B95C-370F1B89ECD0}.Release|Any CPU.ActiveCfg = Release|Any CPU
		{795CA169-2033-43C3-B95C-370F1B89ECD0}.Release|Any CPU.Build.0 = Release|Any CPU
		{268605FA-97F7-40BF-BBC6-C950F29CFE5E}.Debug|Any CPU.ActiveCfg = Debug|Any CPU
		{268605FA-97F7-40BF-BBC6-C950F29CFE5E}.Debug|Any CPU.Build.0 = Debug|Any CPU
		{268605FA-97F7-40BF-BBC6-C950F29CFE5E}.Release|Any CPU.ActiveCfg = Release|Any CPU
		{268605FA-97F7-40BF-BBC6-C950F29CFE5E}.Release|Any CPU.Build.0 = Release|Any CPU
		{A56C8F71-727A-4515-BE5B-753C72AACFAB}.Debug|Any CPU.ActiveCfg = Debug|Any CPU
		{A56C8F71-727A-4515-BE5B-753C72AACFAB}.Debug|Any CPU.Build.0 = Debug|Any CPU
		{A56C8F71-727A-4515-BE5B-753C72AACFAB}.Release|Any CPU.ActiveCfg = Release|Any CPU
		{A56C8F71-727A-4515-BE5B-753C72AACFAB}.Release|Any CPU.Build.0 = Release|Any CPU
		{B3D02A51-4B1A-403E-9491-359D38DDA713}.Debug|Any CPU.ActiveCfg = Debug|Any CPU
		{B3D02A51-4B1A-403E-9491-359D38DDA713}.Debug|Any CPU.Build.0 = Debug|Any CPU
		{B3D02A51-4B1A-403E-9491-359D38DDA713}.Release|Any CPU.ActiveCfg = Release|Any CPU
		{B3D02A51-4B1A-403E-9491-359D38DDA713}.Release|Any CPU.Build.0 = Release|Any CPU
		{56626669-12D9-4AC2-B1F4-7A44AB4B0897}.Debug|Any CPU.ActiveCfg = Debug|Any CPU
		{56626669-12D9-4AC2-B1F4-7A44AB4B0897}.Debug|Any CPU.Build.0 = Debug|Any CPU
		{56626669-12D9-4AC2-B1F4-7A44AB4B0897}.Release|Any CPU.ActiveCfg = Release|Any CPU
		{56626669-12D9-4AC2-B1F4-7A44AB4B0897}.Release|Any CPU.Build.0 = Release|Any CPU
		{E2359BAE-2213-47DA-93D8-097CAB38DBCA}.Debug|Any CPU.ActiveCfg = Debug|Any CPU
		{E2359BAE-2213-47DA-93D8-097CAB38DBCA}.Debug|Any CPU.Build.0 = Debug|Any CPU
		{E2359BAE-2213-47DA-93D8-097CAB38DBCA}.Release|Any CPU.ActiveCfg = Release|Any CPU
		{E2359BAE-2213-47DA-93D8-097CAB38DBCA}.Release|Any CPU.Build.0 = Release|Any CPU
	EndGlobalSection
	GlobalSection(NestedProjects) = preSolution
		{268605FA-97F7-40BF-BBC6-C950F29CFE5E} = {C9C2EA63-BE58-4E8E-892D-7A997AD9623B}
		{B3D02A51-4B1A-403E-9491-359D38DDA713} = {9ADB9028-3561-4116-8CF1-6562CACC7AE0}
		{56626669-12D9-4AC2-B1F4-7A44AB4B0897} = {DF0331C9-6FDA-489D-957C-249B02414191}
	EndGlobalSection
EndGlobal
